
Microsoft Visual Studio Solution File, Format Version 12.00
# Visual Studio Version 17
VisualStudioVersion = 17.8.34525.116
MinimumVisualStudioVersion = 10.0.40219.1
Project("{FAE04EC0-301F-11D3-BF4B-00C04F79EFBC}") = "TrainingXamarinSampleTwo.Android", "TrainingXamarinSampleTwo.Android\TrainingXamarinSampleTwo.Android.csproj", "{CDD03880-F7E2-4B29-9E04-7AD8470B6FBF}"
EndProject
Project("{FAE04EC0-301F-11D3-BF4B-00C04F79EFBC}") = "TrainingXamarinSampleTwo.iOS", "TrainingXamarinSampleTwo.iOS\TrainingXamarinSampleTwo.iOS.csproj", "{44D57373-8094-4D5B-87FF-AFF24BD0145A}"
EndProject
Project("{FAE04EC0-301F-11D3-BF4B-00C04F79EFBC}") = "TrainingXamarinSampleTwo", "TrainingXamarinSampleTwo\TrainingXamarinSampleTwo.csproj", "{D1E3C535-7398-4F80-B0D8-A364C2C9B4BE}"
EndProject
Global
	GlobalSection(SolutionConfigurationPlatforms) = preSolution
		Debug|Any CPU = Debug|Any CPU
		Debug|iPhone = Debug|iPhone
		Debug|iPhoneSimulator = Debug|iPhoneSimulator
		Release|Any CPU = Release|Any CPU
		Release|iPhone = Release|iPhone
		Release|iPhoneSimulator = Release|iPhoneSimulator
	EndGlobalSection
	GlobalSection(ProjectConfigurationPlatforms) = postSolution
		{CDD03880-F7E2-4B29-9E04-7AD8470B6FBF}.Debug|Any CPU.ActiveCfg = Debug|Any CPU
		{CDD03880-F7E2-4B29-9E04-7AD8470B6FBF}.Debug|Any CPU.Build.0 = Debug|Any CPU
		{CDD03880-F7E2-4B29-9E04-7AD8470B6FBF}.Debug|Any CPU.Deploy.0 = Debug|Any CPU
		{CDD03880-F7E2-4B29-9E04-7AD8470B6FBF}.Debug|iPhone.ActiveCfg = Debug|Any CPU
		{CDD03880-F7E2-4B29-9E04-7AD8470B6FBF}.Debug|iPhone.Build.0 = Debug|Any CPU
		{CDD03880-F7E2-4B29-9E04-7AD8470B6FBF}.Debug|iPhone.Deploy.0 = Debug|Any CPU
		{CDD03880-F7E2-4B29-9E04-7AD8470B6FBF}.Debug|iPhoneSimulator.ActiveCfg = Debug|Any CPU
		{CDD03880-F7E2-4B29-9E04-7AD8470B6FBF}.Debug|iPhoneSimulator.Build.0 = Debug|Any CPU
		{CDD03880-F7E2-4B29-9E04-7AD8470B6FBF}.Debug|iPhoneSimulator.Deploy.0 = Debug|Any CPU
		{CDD03880-F7E2-4B29-9E04-7AD8470B6FBF}.Release|Any CPU.ActiveCfg = Release|Any CPU
		{CDD03880-F7E2-4B29-9E04-7AD8470B6FBF}.Release|Any CPU.Build.0 = Release|Any CPU
		{CDD03880-F7E2-4B29-9E04-7AD8470B6FBF}.Release|Any CPU.Deploy.0 = Release|Any CPU
		{CDD03880-F7E2-4B29-9E04-7AD8470B6FBF}.Release|iPhone.ActiveCfg = Release|Any CPU
		{CDD03880-F7E2-4B29-9E04-7AD8470B6FBF}.Release|iPhone.Build.0 = Release|Any CPU
		{CDD03880-F7E2-4B29-9E04-7AD8470B6FBF}.Release|iPhone.Deploy.0 = Release|Any CPU
		{CDD03880-F7E2-4B29-9E04-7AD8470B6FBF}.Release|iPhoneSimulator.ActiveCfg = Release|Any CPU
		{CDD03880-F7E2-4B29-9E04-7AD8470B6FBF}.Release|iPhoneSimulator.Build.0 = Release|Any CPU
		{CDD03880-F7E2-4B29-9E04-7AD8470B6FBF}.Release|iPhoneSimulator.Deploy.0 = Release|Any CPU
		{44D57373-8094-4D5B-87FF-AFF24BD0145A}.Debug|Any CPU.ActiveCfg = Debug|iPhone
		{44D57373-8094-4D5B-87FF-AFF24BD0145A}.Debug|Any CPU.Build.0 = Debug|iPhone
		{44D57373-8094-4D5B-87FF-AFF24BD0145A}.Debug|Any CPU.Deploy.0 = Debug|iPhone
		{44D57373-8094-4D5B-87FF-AFF24BD0145A}.Debug|iPhone.ActiveCfg = Debug|iPhone
		{44D57373-8094-4D5B-87FF-AFF24BD0145A}.Debug|iPhone.Build.0 = Debug|iPhone
		{44D57373-8094-4D5B-87FF-AFF24BD0145A}.Debug|iPhone.Deploy.0 = Debug|iPhone
		{44D57373-8094-4D5B-87FF-AFF24BD0145A}.Debug|iPhoneSimulator.ActiveCfg = Debug|iPhoneSimulator
		{44D57373-8094-4D5B-87FF-AFF24BD0145A}.Debug|iPhoneSimulator.Build.0 = Debug|iPhoneSimulator
		{44D57373-8094-4D5B-87FF-AFF24BD0145A}.Debug|iPhoneSimulator.Deploy.0 = Debug|iPhoneSimulator
		{44D57373-8094-4D5B-87FF-AFF24BD0145A}.Release|Any CPU.ActiveCfg = Release|iPhoneSimulator
		{44D57373-8094-4D5B-87FF-AFF24BD0145A}.Release|Any CPU.Build.0 = Release|iPhoneSimulator
		{44D57373-8094-4D5B-87FF-AFF24BD0145A}.Release|Any CPU.Deploy.0 = Release|iPhoneSimulator
		{44D57373-8094-4D5B-87FF-AFF24BD0145A}.Release|iPhone.ActiveCfg = Release|iPhone
		{44D57373-8094-4D5B-87FF-AFF24BD0145A}.Release|iPhone.Build.0 = Release|iPhone
		{44D57373-8094-4D5B-87FF-AFF24BD0145A}.Release|iPhone.Deploy.0 = Release|iPhone
		{44D57373-8094-4D5B-87FF-AFF24BD0145A}.Release|iPhoneSimulator.ActiveCfg = Release|iPhoneSimulator
		{44D57373-8094-4D5B-87FF-AFF24BD0145A}.Release|iPhoneSimulator.Build.0 = Release|iPhoneSimulator
		{44D57373-8094-4D5B-87FF-AFF24BD0145A}.Release|iPhoneSimulator.Deploy.0 = Release|iPhoneSimulator
		{D1E3C535-7398-4F80-B0D8-A364C2C9B4BE}.Debug|Any CPU.ActiveCfg = Debug|Any CPU
		{D1E3C535-7398-4F80-B0D8-A364C2C9B4BE}.Debug|Any CPU.Build.0 = Debug|Any CPU
		{D1E3C535-7398-4F80-B0D8-A364C2C9B4BE}.Debug|Any CPU.Deploy.0 = Debug|Any CPU
		{D1E3C535-7398-4F80-B0D8-A364C2C9B4BE}.Debug|iPhone.ActiveCfg = Debug|Any CPU
		{D1E3C535-7398-4F80-B0D8-A364C2C9B4BE}.Debug|iPhone.Build.0 = Debug|Any CPU
		{D1E3C535-7398-4F80-B0D8-A364C2C9B4BE}.Debug|iPhone.Deploy.0 = Debug|Any CPU
		{D1E3C535-7398-4F80-B0D8-A364C2C9B4BE}.Debug|iPhoneSimulator.ActiveCfg = Debug|Any CPU
		{D1E3C535-7398-4F80-B0D8-A364C2C9B4BE}.Debug|iPhoneSimulator.Build.0 = Debug|Any CPU
		{D1E3C535-7398-4F80-B0D8-A364C2C9B4BE}.Debug|iPhoneSimulator.Deploy.0 = Debug|Any CPU
		{D1E3C535-7398-4F80-B0D8-A364C2C9B4BE}.Release|Any CPU.ActiveCfg = Release|Any CPU
		{D1E3C535-7398-4F80-B0D8-A364C2C9B4BE}.Release|Any CPU.Build.0 = Release|Any CPU
		{D1E3C535-7398-4F80-B0D8-A364C2C9B4BE}.Release|Any CPU.Deploy.0 = Release|Any CPU
		{D1E3C535-7398-4F80-B0D8-A364C2C9B4BE}.Release|iPhone.ActiveCfg = Release|Any CPU
		{D1E3C535-7398-4F80-B0D8-A364C2C9B4BE}.Release|iPhone.Build.0 = Release|Any CPU
		{D1E3C535-7398-4F80-B0D8-A364C2C9B4BE}.Release|iPhone.Deploy.0 = Release|Any CPU
		{D1E3C535-7398-4F80-B0D8-A364C2C9B4BE}.Release|iPhoneSimulator.ActiveCfg = Release|Any CPU
		{D1E3C535-7398-4F80-B0D8-A364C2C9B4BE}.Release|iPhoneSimulator.Build.0 = Release|Any CPU
		{D1E3C535-7398-4F80-B0D8-A364C2C9B4BE}.Release|iPhoneSimulator.Deploy.0 = Release|Any CPU
	EndGlobalSection
	GlobalSection(SolutionProperties) = preSolution
		HideSolutionNode = FALSE
	EndGlobalSection
	GlobalSection(ExtensibilityGlobals) = postSolution
		SolutionGuid = {D20078F6-38E4-4CAB-88D1-B72D67AEB02D}
	EndGlobalSection
EndGlobal
